// !$*UTF8*$!
{
	archiveVersion = 1;
	classes = {
	};
	objectVersion = 46;
	objects = {

/* Begin PBXBuildFile section */
		DFB4BB3F1B1655A0008DF072 /* main.m in Sources */ = {isa = PBXBuildFile; fileRef = DFB4BB3E1B1655A0008DF072 /* main.m */; };
		DFB4BB421B1655A0008DF072 /* AppDelegate.m in Sources */ = {isa = PBXBuildFile; fileRef = DFB4BB411B1655A0008DF072 /* AppDelegate.m */; };
		DFB4BB451B1655A0008DF072 /* ViewController.m in Sources */ = {isa = PBXBuildFile; fileRef = DFB4BB441B1655A0008DF072 /* ViewController.m */; };
		DFB4BB481B1655A1008DF072 /* Main.storyboard in Resources */ = {isa = PBXBuildFile; fileRef = DFB4BB461B1655A1008DF072 /* Main.storyboard */; };
		DFB4BB4A1B1655A1008DF072 /* Images.xcassets in Resources */ = {isa = PBXBuildFile; fileRef = DFB4BB491B1655A1008DF072 /* Images.xcassets */; };
		DFB4BB4D1B1655A1008DF072 /* LaunchScreen.xib in Resources */ = {isa = PBXBuildFile; fileRef = DFB4BB4B1B1655A1008DF072 /* LaunchScreen.xib */; };
		DFB4BB591B1655A1008DF072 /* TestALTests.m in Sources */ = {isa = PBXBuildFile; fileRef = DFB4BB581B1655A1008DF072 /* TestALTests.m */; };
		DFB4BB641B16580D008DF072 /* ViewControllerWithScrollView.m in Sources */ = {isa = PBXBuildFile; fileRef = DFB4BB631B16580D008DF072 /* ViewControllerWithScrollView.m */; };
/* End PBXBuildFile section */

/* Begin PBXContainerItemProxy section */
		DFB4BB531B1655A1008DF072 /* PBXContainerItemProxy */ = {
			isa = PBXContainerItemProxy;
			containerPortal = DFB4BB311B1655A0008DF072 /* Project object */;
			proxyType = 1;
			remoteGlobalIDString = DFB4BB381B1655A0008DF072;
			remoteInfo = TestAL;
		};
/* End PBXContainerItemProxy section */

/* Begin PBXFileReference section */
		DFB4BB391B1655A0008DF072 /* TestAL.app */ = {isa = PBXFileReference; explicitFileType = wrapper.application; includeInIndex = 0; path = TestAL.app; sourceTree = BUILT_PRODUCTS_DIR; };
		DFB4BB3D1B1655A0008DF072 /* Info.plist */ = {isa = PBXFileReference; lastKnownFileType = text.plist.xml; path = Info.plist; sourceTree = "<group>"; };
		DFB4BB3E1B1655A0008DF072 /* main.m */ = {isa = PBXFileReference; lastKnownFileType = sourcecode.c.objc; path = main.m; sourceTree = "<group>"; };
		DFB4BB401B1655A0008DF072 /* AppDelegate.h */ = {isa = PBXFileReference; lastKnownFileType = sourcecode.c.h; path = AppDelegate.h; sourceTree = "<group>"; };
		DFB4BB411B1655A0008DF072 /* AppDelegate.m */ = {isa = PBXFileReference; lastKnownFileType = sourcecode.c.objc; path = AppDelegate.m; sourceTree = "<group>"; };
		DFB4BB431B1655A0008DF072 /* ViewController.h */ = {isa = PBXFileReference; lastKnownFileType = sourcecode.c.h; path = ViewController.h; sourceTree = "<group>"; };
		DFB4BB441B1655A0008DF072 /* ViewController.m */ = {isa = PBXFileReference; lastKnownFileType = sourcecode.c.objc; path = ViewController.m; sourceTree = "<group>"; };
		DFB4BB471B1655A1008DF072 /* Base */ = {isa = PBXFileReference; lastKnownFileType = file.storyboard; name = Base; path = Base.lproj/Main.storyboard; sourceTree = "<group>"; };
		DFB4BB491B1655A1008DF072 /* Images.xcassets */ = {isa = PBXFileReference; lastKnownFileType = folder.assetcatalog; path = Images.xcassets; sourceTree = "<group>"; };
		DFB4BB4C1B1655A1008DF072 /* Base */ = {isa = PBXFileReference; lastKnownFileType = file.xib; name = Base; path = Base.lproj/LaunchScreen.xib; sourceTree = "<group>"; };
		DFB4BB521B1655A1008DF072 /* TestALTests.xctest */ = {isa = PBXFileReference; explicitFileType = wrapper.cfbundle; includeInIndex = 0; path = TestALTests.xctest; sourceTree = BUILT_PRODUCTS_DIR; };
		DFB4BB571B1655A1008DF072 /* Info.plist */ = {isa = PBXFileReference; lastKnownFileType = text.plist.xml; path = Info.plist; sourceTree = "<group>"; };
		DFB4BB581B1655A1008DF072 /* TestALTests.m */ = {isa = PBXFileReference; lastKnownFileType = sourcecode.c.objc; path = TestALTests.m; sourceTree = "<group>"; };
		DFB4BB621B16580D008DF072 /* ViewControllerWithScrollView.h */ = {isa = PBXFileReference; fileEncoding = 4; lastKnownFileType = sourcecode.c.h; path = ViewControllerWithScrollView.h; sourceTree = "<group>"; };
		DFB4BB631B16580D008DF072 /* ViewControllerWithScrollView.m */ = {isa = PBXFileReference; fileEncoding = 4; lastKnownFileType = sourcecode.c.objc; path = ViewControllerWithScrollView.m; sourceTree = "<group>"; };
/* End PBXFileReference section */

/* Begin PBXFrameworksBuildPhase section */
		DFB4BB361B1655A0008DF072 /* Frameworks */ = {
			isa = PBXFrameworksBuildPhase;
			buildActionMask = 2147483647;
			files = (
			);
			runOnlyForDeploymentPostprocessing = 0;
		};
		DFB4BB4F1B1655A1008DF072 /* Frameworks */ = {
			isa = PBXFrameworksBuildPhase;
			buildActionMask = 2147483647;
			files = (
			);
			runOnlyForDeploymentPostprocessing = 0;
		};
/* End PBXFrameworksBuildPhase section */

/* Begin PBXGroup section */
		DFB4BB301B1655A0008DF072 = {
			isa = PBXGroup;
			children = (
				DFB4BB3B1B1655A0008DF072 /* TestAL */,
				DFB4BB551B1655A1008DF072 /* TestALTests */,
				DFB4BB3A1B1655A0008DF072 /* Products */,
			);
			sourceTree = "<group>";
		};
		DFB4BB3A1B1655A0008DF072 /* Products */ = {
			isa = PBXGroup;
			children = (
				DFB4BB391B1655A0008DF072 /* TestAL.app */,
				DFB4BB521B1655A1008DF072 /* TestALTests.xctest */,
			);
			name = Products;
			sourceTree = "<group>";
		};
		DFB4BB3B1B1655A0008DF072 /* TestAL */ = {
			isa = PBXGroup;
			children = (
				DFB4BB401B1655A0008DF072 /* AppDelegate.h */,
				DFB4BB411B1655A0008DF072 /* AppDelegate.m */,
				DFB4BB431B1655A0008DF072 /* ViewController.h */,
				DFB4BB441B1655A0008DF072 /* ViewController.m */,
				DFB4BB621B16580D008DF072 /* ViewControllerWithScrollView.h */,
				DFB4BB631B16580D008DF072 /* ViewControllerWithScrollView.m */,
				DFB4BB461B1655A1008DF072 /* Main.storyboard */,
				DFB4BB491B1655A1008DF072 /* Images.xcassets */,
				DFB4BB4B1B1655A1008DF072 /* LaunchScreen.xib */,
				DFB4BB3C1B1655A0008DF072 /* Supporting Files */,
			);
			path = TestAL;
			sourceTree = "<group>";
		};
		DFB4BB3C1B1655A0008DF072 /* Supporting Files */ = {
			isa = PBXGroup;
			children = (
				DFB4BB3D1B1655A0008DF072 /* Info.plist */,
				DFB4BB3E1B1655A0008DF072 /* main.m */,
			);
			name = "Supporting Files";
			sourceTree = "<group>";
		};
		DFB4BB551B1655A1008DF072 /* TestALTests */ = {
			isa = PBXGroup;
			children = (
				DFB4BB581B1655A1008DF072 /* TestALTests.m */,
				DFB4BB561B1655A1008DF072 /* Supporting Files */,
			);
			path = TestALTests;
			sourceTree = "<group>";
		};
		DFB4BB561B1655A1008DF072 /* Supporting Files */ = {
			isa = PBXGroup;
			children = (
				DFB4BB571B1655A1008DF072 /* Info.plist */,
			);
			name = "Supporting Files";
			sourceTree = "<group>";
		};
/* End PBXGroup section */

/* Begin PBXNativeTarget section */
		DFB4BB381B1655A0008DF072 /* TestAL */ = {
			isa = PBXNativeTarget;
			buildConfigurationList = DFB4BB5C1B1655A1008DF072 /* Build configuration list for PBXNativeTarget "TestAL" */;
			buildPhases = (
				DFB4BB351B1655A0008DF072 /* Sources */,
				DFB4BB361B1655A0008DF072 /* Frameworks */,
				DFB4BB371B1655A0008DF072 /* Resources */,
			);
			buildRules = (
			);
			dependencies = (
			);
			name = TestAL;
			productName = TestAL;
			productReference = DFB4BB391B1655A0008DF072 /* TestAL.app */;
			productType = "com.apple.product-type.application";
		};
		DFB4BB511B1655A1008DF072 /* TestALTests */ = {
			isa = PBXNativeTarget;
			buildConfigurationList = DFB4BB5F1B1655A1008DF072 /* Build configuration list for PBXNativeTarget "TestALTests" */;
			buildPhases = (
				DFB4BB4E1B1655A1008DF072 /* Sources */,
				DFB4BB4F1B1655A1008DF072 /* Frameworks */,
				DFB4BB501B1655A1008DF072 /* Resources */,
			);
			buildRules = (
			);
			dependencies = (
				DFB4BB541B1655A1008DF072 /* PBXTargetDependency */,
			);
			name = TestALTests;
			productName = TestALTests;
			productReference = DFB4BB521B1655A1008DF072 /* TestALTests.xctest */;
			productType = "com.apple.product-type.bundle.unit-test";
		};
/* End PBXNativeTarget section */

/* Begin PBXProject section */
		DFB4BB311B1655A0008DF072 /* Project object */ = {
			isa = PBXProject;
			attributes = {
				LastUpgradeCheck = 0630;
				ORGANIZATIONNAME = "Castro, Gonzalo";
				TargetAttributes = {
					DFB4BB381B1655A0008DF072 = {
						CreatedOnToolsVersion = 6.3.1;
					};
					DFB4BB511B1655A1008DF072 = {
						CreatedOnToolsVersion = 6.3.1;
						TestTargetID = DFB4BB381B1655A0008DF072;
					};
				};
			};
			buildConfigurationList = DFB4BB341B1655A0008DF072 /* Build configuration list for PBXProject "TestAL" */;
			compatibilityVersion = "Xcode 3.2";
			developmentRegion = English;
			hasScannedForEncodings = 0;
			knownRegions = (
				en,
				Base,
			);
			mainGroup = DFB4BB301B1655A0008DF072;
			productRefGroup = DFB4BB3A1B1655A0008DF072 /* Products */;
			projectDirPath = "";
			projectRoot = "";
			targets = (
				DFB4BB381B1655A0008DF072 /* TestAL */,
				DFB4BB511B1655A1008DF072 /* TestALTests */,
			);
		};
/* End PBXProject section */

/* Begin PBXResourcesBuildPhase section */
		DFB4BB371B1655A0008DF072 /* Resources */ = {
			isa = PBXResourcesBuildPhase;
			buildActionMask = 2147483647;
			files = (
				DFB4BB481B1655A1008DF072 /* Main.storyboard in Resources */,
				DFB4BB4D1B1655A1008DF072 /* LaunchScreen.xib in Resources */,
				DFB4BB4A1B1655A1008DF072 /* Images.xcassets in Resources */,
			);
			runOnlyForDeploymentPostprocessing = 0;
		};
		DFB4BB501B1655A1008DF072 /* Resources */ = {
			isa = PBXResourcesBuildPhase;
			buildActionMask = 2147483647;
			files = (
			);
			runOnlyForDeploymentPostprocessing = 0;
		};
/* End PBXResourcesBuildPhase section */

/* Begin PBXSourcesBuildPhase section */
		DFB4BB351B1655A0008DF072 /* Sources */ = {
			isa = PBXSourcesBuildPhase;
			buildActionMask = 2147483647;
			files = (
				DFB4BB451B1655A0008DF072 /* ViewController.m in Sources */,
				DFB4BB421B1655A0008DF072 /* AppDelegate.m in Sources */,
				DFB4BB641B16580D008DF072 /* ViewControllerWithScrollView.m in Sources */,
				DFB4BB3F1B1655A0008DF072 /* main.m in Sources */,
			);
			runOnlyForDeploymentPostprocessing = 0;
		};
		DFB4BB4E1B1655A1008DF072 /* Sources */ = {
			isa = PBXSourcesBuildPhase;
			buildActionMask = 2147483647;
			files = (
				DFB4BB591B1655A1008DF072 /* TestALTests.m in Sources */,
			);
			runOnlyForDeploymentPostprocessing = 0;
		};
/* End PBXSourcesBuildPhase section */

/* Begin PBXTargetDependency section */
		DFB4BB541B1655A1008DF072 /* PBXTargetDependency */ = {
			isa = PBXTargetDependency;
			target = DFB4BB381B1655A0008DF072 /* TestAL */;
			targetProxy = DFB4BB531B1655A1008DF072 /* PBXContainerItemProxy */;
		};
/* End PBXTargetDependency section */

/* Begin PBXVariantGroup section */
		DFB4BB461B1655A1008DF072 /* Main.storyboard */ = {
			isa = PBXVariantGroup;
			children = (
				DFB4BB471B1655A1008DF072 /* Base */,
			);
			name = Main.storyboard;
			sourceTree = "<group>";
		};
		DFB4BB4B1B1655A1008DF072 /* LaunchScreen.xib */ = {
			isa = PBXVariantGroup;
			children = (
				DFB4BB4C1B1655A1008DF072 /* Base */,
			);
			name = LaunchScreen.xib;
			sourceTree = "<group>";
		};
/* End PBXVariantGroup section */

/* Begin XCBuildConfiguration section */
		DFB4BB5A1B1655A1008DF072 /* Debug */ = {
			isa = XCBuildConfiguration;
			buildSettings = {
				ALWAYS_SEARCH_USER_PATHS = NO;
				CLANG_CXX_LANGUAGE_STANDARD = "gnu++0x";
				CLANG_CXX_LIBRARY = "libc++";
				CLANG_ENABLE_MODULES = YES;
				CLANG_ENABLE_OBJC_ARC = YES;
				CLANG_WARN_BOOL_CONVERSION = YES;
				CLANG_WARN_CONSTANT_CONVERSION = YES;
				CLANG_WARN_DIRECT_OBJC_ISA_USAGE = YES_ERROR;
				CLANG_WARN_EMPTY_BODY = YES;
				CLANG_WARN_ENUM_CONVERSION = YES;
				CLANG_WARN_INT_CONVERSION = YES;
				CLANG_WARN_OBJC_ROOT_CLASS = YES_ERROR;
				CLANG_WARN_UNREACHABLE_CODE = YES;
				CLANG_WARN__DUPLICATE_METHOD_MATCH = YES;
				"CODE_SIGN_IDENTITY[sdk=iphoneos*]" = "iPhone Developer";
				COPY_PHASE_STRIP = NO;
				DEBUG_INFORMATION_FORMAT = "dwarf-with-dsym";
				ENABLE_STRICT_OBJC_MSGSEND = YES;
				GCC_C_LANGUAGE_STANDARD = gnu99;
				GCC_DYNAMIC_NO_PIC = NO;
				GCC_NO_COMMON_BLOCKS = YES;
				GCC_OPTIMIZATION_LEVEL = 0;
				GCC_PREPROCESSOR_DEFINITIONS = (
					"DEBUG=1",
					"$(inherited)",
				);
				GCC_SYMBOLS_PRIVATE_EXTERN = NO;
				GCC_WARN_64_TO_32_BIT_CONVERSION = YES;
				GCC_WARN_ABOUT_RETURN_TYPE = YES_ERROR;
				GCC_WARN_UNDECLARED_SELECTOR = YES;
				GCC_WARN_UNINITIALIZED_AUTOS = YES_AGGRESSIVE;
				GCC_WARN_UNUSED_FUNCTION = YES;
				GCC_WARN_UNUSED_VARIABLE = YES;
				IPHONEOS_DEPLOYMENT_TARGET = 8.3;
				MTL_ENABLE_DEBUG_INFO = YES;
				ONLY_ACTIVE_ARCH = YES;
				SDKROOT = iphoneos;
				TARGETED_DEVICE_FAMILY = "1,2";
			};
			name = Debug;
		};
		DFB4BB5B1B1655A1008DF072 /* Release */ = {
			isa = XCBuildConfiguration;
			buildSettings = {
				ALWAYS_SEARCH_USER_PATHS = NO;
				CLANG_CXX_LANGUAGE_STANDARD = "gnu++0x";
				CLANG_CXX_LIBRARY = "libc++";
				CLANG_ENABLE_MODULES = YES;
				CLANG_ENABLE_OBJC_ARC = YES;
				CLANG_WARN_BOOL_CONVERSION = YES;
				CLANG_WARN_CONSTANT_CONVERSION = YES;
				CLANG_WARN_DIRECT_OBJC_ISA_USAGE = YES_ERROR;
				CLANG_WARN_EMPTY_BODY = YES;
				CLANG_WARN_ENUM_CONVERSION = YES;
				CLANG_WARN_INT_CONVERSION = YES;
				CLANG_WARN_OBJC_ROOT_CLASS = YES_ERROR;
				CLANG_WARN_UNREACHABLE_CODE = YES;
				CLANG_WARN__DUPLICATE_METHOD_MATCH = YES;
				"CODE_SIGN_IDENTITY[sdk=iphoneos*]" = "iPhone Developer";
				COPY_PHASE_STRIP = NO;
				DEBUG_INFORMATION_FORMAT = "dwarf-with-dsym";
				ENABLE_NS_ASSERTIONS = NO;
				ENABLE_STRICT_OBJC_MSGSEND = YES;
				GCC_C_LANGUAGE_STANDARD = gnu99;
				GCC_NO_COMMON_BLOCKS = YES;
				GCC_WARN_64_TO_32_BIT_CONVERSION = YES;
				GCC_WARN_ABOUT_RETURN_TYPE = YES_ERROR;
				GCC_WARN_UNDECLARED_SELECTOR = YES;
				GCC_WARN_UNINITIALIZED_AUTOS = YES_AGGRESSIVE;
				GCC_WARN_UNUSED_FUNCTION = YES;
				GCC_WARN_UNUSED_VARIABLE = YES;
				IPHONEOS_DEPLOYMENT_TARGET = 8.3;
				MTL_ENABLE_DEBUG_INFO = NO;
				SDKROOT = iphoneos;
				TARGETED_DEVICE_FAMILY = "1,2";
				VALIDATE_PRODUCT = YES;
			};
			name = Release;
		};
		DFB4BB5D1B1655A1008DF072 /* Debug */ = {
			isa = XCBuildConfiguration;
			buildSettings = {
				ASSETCATALOG_COMPILER_APPICON_NAME = AppIcon;
				INFOPLIST_FILE = TestAL/Info.plist;
				OTHER_LDFLAGS = "";
				PRODUCT_NAME = "$(TARGET_NAME)";
			};
			name = Debug;
		};
		DFB4BB5E1B1655A1008DF072 /* Release */ = {
			isa = XCBuildConfiguration;
			buildSettings = {
				ASSETCATALOG_COMPILER_APPICON_NAME = AppIcon;
				INFOPLIST_FILE = TestAL/Info.plist;
				OTHER_LDFLAGS = "";
				PRODUCT_NAME = "$(TARGET_NAME)";
			};
			name = Release;
		};
		DFB4BB601B1655A1008DF072 /* Debug */ = {
			isa = XCBuildConfiguration;
			buildSettings = {
				BUNDLE_LOADER = "$(TEST_HOST)";
				FRAMEWORK_SEARCH_PATHS = (
					"$(SDKROOT)/Developer/Library/Frameworks",
					"$(inherited)",
				);
				GCC_PREPROCESSOR_DEFINITIONS = (
					"DEBUG=1",
					"$(inherited)",
				);
				INFOPLIST_FILE = TestALTests/Info.plist;
				LD_RUNPATH_SEARCH_PATHS = "$(inherited) @executable_path/Frameworks @loader_path/Frameworks";
				PRODUCT_NAME = "$(TARGET_NAME)";
				TEST_HOST = "$(BUILT_PRODUCTS_DIR)/TestAL.app/TestAL";
			};
			name = Debug;
		};
		DFB4BB611B1655A1008DF072 /* Release */ = {
			isa = XCBuildConfiguration;
			buildSettings = {
				BUNDLE_LOADER = "$(TEST_HOST)";
				FRAMEWORK_SEARCH_PATHS = (
					"$(SDKROOT)/Developer/Library/Frameworks",
					"$(inherited)",
				);
				INFOPLIST_FILE = TestALTests/Info.plist;
				LD_RUNPATH_SEARCH_PATHS = "$(inherited) @executable_path/Frameworks @loader_path/Frameworks";
				PRODUCT_NAME = "$(TARGET_NAME)";
				TEST_HOST = "$(BUILT_PRODUCTS_DIR)/TestAL.app/TestAL";
			};
			name = Release;
		};
/* End XCBuildConfiguration section */

/* Begin XCConfigurationList section */
		DFB4BB341B1655A0008DF072 /* Build configuration list for PBXProject "TestAL" */ = {
			isa = XCConfigurationList;
			buildConfigurations = (
				DFB4BB5A1B1655A1008DF072 /* Debug */,
				DFB4BB5B1B1655A1008DF072 /* Release */,
			);
			defaultConfigurationIsVisible = 0;
			defaultConfigurationName = Release;
		};
		DFB4BB5C1B1655A1008DF072 /* Build configuration list for PBXNativeTarget "TestAL" */ = {
			isa = XCConfigurationList;
			buildConfigurations = (
				DFB4BB5D1B1655A1008DF072 /* Debug */,
				DFB4BB5E1B1655A1008DF072 /* Release */,
			);
			defaultConfigurationIsVisible = 0;
			defaultConfigurationName = Release;
		};
		DFB4BB5F1B1655A1008DF072 /* Build configuration list for PBXNativeTarget "TestALTests" */ = {
			isa = XCConfigurationList;
			buildConfigurations = (
				DFB4BB601B1655A1008DF072 /* Debug */,
				DFB4BB611B1655A1008DF072 /* Release */,
			);
			defaultConfigurationIsVisible = 0;
			defaultConfigurationName = Release;
		};
/* End XCConfigurationList section */
	};
	rootObject = DFB4BB311B1655A0008DF072 /* Project object */;
}
